{"1.2.0",
[{<<"accept">>,{pkg,<<"accept">>,<<"0.3.5">>},2},
 {<<"certifi">>,{pkg,<<"certifi">>,<<"2.9.0">>},1},
 {<<"cowboy">>,{pkg,<<"cowboy">>,<<"2.9.0">>},0},
 {<<"cowlib">>,{pkg,<<"cowlib">>,<<"2.11.0">>},1},
 {<<"hackney">>,{pkg,<<"hackney">>,<<"1.18.1">>},0},
 {<<"idna">>,{pkg,<<"idna">>,<<"6.1.1">>},1},
 {<<"metrics">>,{pkg,<<"metrics">>,<<"1.0.1">>},1},
 {<<"mimerl">>,{pkg,<<"mimerl">>,<<"1.2.0">>},1},
 {<<"parse_trans">>,{pkg,<<"parse_trans">>,<<"3.3.1">>},1},
 {<<"prometheus">>,{pkg,<<"prometheus">>,<<"4.10.0">>},0},
 {<<"prometheus_cowboy">>,{pkg,<<"prometheus_cowboy">>,<<"0.1.8">>},0},
 {<<"prometheus_httpd">>,{pkg,<<"prometheus_httpd">>,<<"2.1.11">>},1},
 {<<"quantile_estimator">>,{pkg,<<"quantile_estimator">>,<<"0.2.1">>},1},
 {<<"ranch">>,{pkg,<<"ranch">>,<<"1.8.0">>},1},
 {<<"ssl_verify_fun">>,{pkg,<<"ssl_verify_fun">>,<<"1.1.6">>},1},
 {<<"unicode_util_compat">>,{pkg,<<"unicode_util_compat">>,<<"0.7.0">>},1}]}.
[
{pkg_hash,[
 {<<"accept">>, <<"B33B127ABCA7CC948BBE6CAA4C263369ABF1347CFA9D8E699C6D214660F10CD1">>},
 {<<"certifi">>, <<"6F2A475689DD47F19FB74334859D460A2DC4E3252A3324BD2111B8F0429E7E21">>},
 {<<"cowboy">>, <<"865DD8B6607E14CF03282E10E934023A1BD8BE6F6BACF921A7E2A96D800CD452">>},
 {<<"cowlib">>, <<"0B9FF9C346629256C42EBE1EEB769A83C6CB771A6EE5960BD110AB0B9B872063">>},
 {<<"hackney">>, <<"F48BF88F521F2A229FC7BAE88CF4F85ADC9CD9BCF23B5DC8EB6A1788C662C4F6">>},
 {<<"idna">>, <<"8A63070E9F7D0C62EB9D9FCB360A7DE382448200FBBD1B106CC96D3D8099DF8D">>},
 {<<"metrics">>, <<"25F094DEA2CDA98213CECC3AEFF09E940299D950904393B2A29D191C346A8486">>},
 {<<"mimerl">>, <<"67E2D3F571088D5CFD3E550C383094B47159F3EEE8FFA08E64106CDF5E981BE3">>},
 {<<"parse_trans">>, <<"16328AB840CC09919BD10DAB29E431DA3AF9E9E7E7E6F0089DD5A2D2820011D8">>},
 {<<"prometheus">>, <<"792ADBF0130FF61B5FA8826F013772AF24B6E57B984445C8D602C8A0355704A1">>},
 {<<"prometheus_cowboy">>, <<"CFCE0BC7B668C5096639084FCD873826E6220EA714BF60A716F5BD080EF2A99C">>},
 {<<"prometheus_httpd">>, <<"F616ED9B85B536B195D94104063025A91F904A4CFC20255363F49A197D96C896">>},
 {<<"quantile_estimator">>, <<"EF50A361F11B5F26B5F16D0696E46A9E4661756492C981F7B2229EF42FF1CD15">>},
 {<<"ranch">>, <<"8C7A100A139FD57F17327B6413E4167AC559FBC04CA7448E9BE9057311597A1D">>},
 {<<"ssl_verify_fun">>, <<"CF344F5692C82D2CD7554F5EC8FD961548D4FD09E7D22F5B62482E5AEAEBD4B0">>},
 {<<"unicode_util_compat">>, <<"BC84380C9AB48177092F43AC89E4DFA2C6D62B40B8BD132B1059ECC7232F9A78">>}]},
{pkg_hash_ext,[
 {<<"accept">>, <<"11B18C220BCC2EAB63B5470C038EF10EB6783BCB1FCDB11AA4137DEFA5AC1BB8">>},
 {<<"certifi">>, <<"266DA46BDB06D6C6D35FDE799BCB28D36D985D424AD7C08B5BB48F5B5CDD4641">>},
 {<<"cowboy">>, <<"2C729F934B4E1AA149AFF882F57C6372C15399A20D54F65C8D67BEF583021BDE">>},
 {<<"cowlib">>, <<"2B3E9DA0B21C4565751A6D4901C20D1B4CC25CBB7FD50D91D2AB6DD287BC86A9">>},
 {<<"hackney">>, <<"A4ECDAFF44297E9B5894AE499E9A070EA1888C84AFDD1FD9B7B2BC384950128E">>},
 {<<"idna">>, <<"92376EB7894412ED19AC475E4A86F7B413C1B9FBB5BD16DCCD57934157944CEA">>},
 {<<"metrics">>, <<"69B09ADDDC4F74A40716AE54D140F93BEB0FB8978D8636EADED0C31B6F099F16">>},
 {<<"mimerl">>, <<"F278585650AA581986264638EBF698F8BB19DF297F66AD91B18910DFC6E19323">>},
 {<<"parse_trans">>, <<"07CD9577885F56362D414E8C4C4E6BDF10D43A8767ABB92D24CBE8B24C54888B">>},
 {<<"prometheus">>, <<"2A99BB6DCE85E238C7236FDE6B0064F9834DC420DDBD962AAC4EA2A3C3D59384">>},
 {<<"prometheus_cowboy">>, <<"BA286BECA9302618418892D37BCD5DC669A6CC001F4EB6D6AF85FF81F3F4F34C">>},
 {<<"prometheus_httpd">>, <<"0BBE831452CFDF9588538EB2F570B26F30C348ADAE5E95A7D87F35A5910BCF92">>},
 {<<"quantile_estimator">>, <<"282A8A323CA2A845C9E6F787D166348F776C1D4A41EDE63046D72D422E3DA946">>},
 {<<"ranch">>, <<"49FBCFD3682FAB1F5D109351B61257676DA1A2FDBE295904176D5E521A2DDFE5">>},
 {<<"ssl_verify_fun">>, <<"BDB0D2471F453C88FF3908E7686F86F9BE327D065CC1EC16FA4540197EA04680">>},
 {<<"unicode_util_compat">>, <<"25EEE6D67DF61960CF6A794239566599B09E17E668D3700247BC498638152521">>}]}
].
